
Microsoft Visual Studio Solution File, Format Version 12.00
# Visual Studio Version 17
VisualStudioVersion = 17.9.34306.42
MinimumVisualStudioVersion = 10.0.40219.1
Project("{FAE04EC0-301F-11D3-BF4B-00C04F79EFBC}") = "MyRestaurantApi", "MyRestaurantApi\MyRestaurantApi.csproj", "{690BF5CE-B629-4957-8F0A-59E99C35637A}"
EndProject
Global
	GlobalSection(SolutionConfigurationPlatforms) = preSolution
		Debug|Any CPU = Debug|Any CPU
		Release|Any CPU = Release|Any CPU
	EndGlobalSection
	GlobalSection(ProjectConfigurationPlatforms) = postSolution
		{690BF5CE-B629-4957-8F0A-59E99C35637A}.Debug|Any CPU.ActiveCfg = Debug|Any CPU
		{690BF5CE-B629-4957-8F0A-59E99C35637A}.Debug|Any CPU.Build.0 = Debug|Any CPU
		{690BF5CE-B629-4957-8F0A-59E99C35637A}.Release|Any CPU.ActiveCfg = Release|Any CPU
		{690BF5CE-B629-4957-8F0A-59E99C35637A}.Release|Any CPU.Build.0 = Release|Any CPU
	EndGlobalSection
	GlobalSection(SolutionProperties) = preSolution
		HideSolutionNode = FALSE
	EndGlobalSection
	GlobalSection(ExtensibilityGlobals) = postSolution
		SolutionGuid = {823BF0AB-9B3E-4CA0-BBEC-1BB6716F21AE}
	EndGlobalSection
EndGlobal
