Microsoft Visual Studio Solution File, Format Version 12.00
# Visual Studio Version 17
VisualStudioVersion = 17.8.0.0
MinimumVisualStudioVersion = 17.8.0.0
Project("{9A19103F-16F7-4668-BE54-9A1E7A4F7556}") = "RestaurantService.AppHost", "RestaurantService.AppHost\RestaurantService.AppHost.csproj", "{A8599D78-00B8-4E7C-BB61-8E33C9B84D4A}"
EndProject
Project("{9A19103F-16F7-4668-BE54-9A1E7A4F7556}") = "RestaurantService.ServiceDefaults", "RestaurantService.ServiceDefaults\RestaurantService.ServiceDefaults.csproj", "{ABC1B60E-9921-47A1-ADD7-5B0D950F52C9}"
EndProject
Global
	GlobalSection(SolutionConfigurationPlatforms) = preSolution
		Debug|Any CPU = Debug|Any CPU
		Release|Any CPU = Release|Any CPU
	EndGlobalSection
	GlobalSection(ProjectConfigurationPlatforms) = postSolution
		{A8599D78-00B8-4E7C-BB61-8E33C9B84D4A}.Debug|Any CPU.ActiveCfg = Debug|Any CPU
		{A8599D78-00B8-4E7C-BB61-8E33C9B84D4A}.Debug|Any CPU.Build.0 = Debug|Any CPU
		{A8599D78-00B8-4E7C-BB61-8E33C9B84D4A}.Release|Any CPU.ActiveCfg = Release|Any CPU
		{A8599D78-00B8-4E7C-BB61-8E33C9B84D4A}.Release|Any CPU.Build.0 = Release|Any CPU
		{ABC1B60E-9921-47A1-ADD7-5B0D950F52C9}.Debug|Any CPU.ActiveCfg = Debug|Any CPU
		{ABC1B60E-9921-47A1-ADD7-5B0D950F52C9}.Debug|Any CPU.Build.0 = Debug|Any CPU
		{ABC1B60E-9921-47A1-ADD7-5B0D950F52C9}.Release|Any CPU.ActiveCfg = Release|Any CPU
		{ABC1B60E-9921-47A1-ADD7-5B0D950F52C9}.Release|Any CPU.Build.0 = Release|Any CPU
	EndGlobalSection
	GlobalSection(SolutionProperties) = preSolution
		HideSolutionNode = FALSE
	EndGlobalSection
	GlobalSection(ExtensibilityGlobals) = postSolution
		SolutionGuid = {B0380904-AFF8-4788-BB1F-3EE944807767}
	EndGlobalSection
EndGlobal
